// !$*UTF8*$!
{
	archiveVersion = 1;
	classes = {
	};
	objectVersion = 46;
	objects = {

/* Begin PBXBuildFile section */
		227E7F001C7B307E00ABAF6C /* main.m in Sources */ = {isa = PBXBuildFile; fileRef = 227E7EFF1C7B307E00ABAF6C /* main.m */; };
		227E7F031C7B307E00ABAF6C /* AppDelegate.m in Sources */ = {isa = PBXBuildFile; fileRef = 227E7F021C7B307E00ABAF6C /* AppDelegate.m */; };
		227E7F061C7B307E00ABAF6C /* ViewController.m in Sources */ = {isa = PBXBuildFile; fileRef = 227E7F051C7B307E00ABAF6C /* ViewController.m */; };
		227E7F091C7B307E00ABAF6C /* Main.storyboard in Resources */ = {isa = PBXBuildFile; fileRef = 227E7F071C7B307E00ABAF6C /* Main.storyboard */; };
		227E7F0B1C7B307E00ABAF6C /* Assets.xcassets in Resources */ = {isa = PBXBuildFile; fileRef = 227E7F0A1C7B307E00ABAF6C /* Assets.xcassets */; };
		227E7F0E1C7B307E00ABAF6C /* LaunchScreen.storyboard in Resources */ = {isa = PBXBuildFile; fileRef = 227E7F0C1C7B307E00ABAF6C /* LaunchScreen.storyboard */; };
		227E7F411C7B30A500ABAF6C /* ChainableTask.m in Sources */ = {isa = PBXBuildFile; fileRef = 227E7F271C7B30A500ABAF6C /* ChainableTask.m */; };
		227E7F421C7B30A500ABAF6C /* ParallelTask.m in Sources */ = {isa = PBXBuildFile; fileRef = 227E7F291C7B30A500ABAF6C /* ParallelTask.m */; };
		227E7F431C7B30A500ABAF6C /* JSONObject.m in Sources */ = {isa = PBXBuildFile; fileRef = 227E7F2C1C7B30A500ABAF6C /* JSONObject.m */; };
		227E7F451C7B30A500ABAF6C /* FetchHTMLPageContentTask.m in Sources */ = {isa = PBXBuildFile; fileRef = 227E7F321C7B30A500ABAF6C /* FetchHTMLPageContentTask.m */; };
		227E7F461C7B30A500ABAF6C /* ParseHTMLPageTask.m in Sources */ = {isa = PBXBuildFile; fileRef = 227E7F341C7B30A500ABAF6C /* ParseHTMLPageTask.m */; };
		227E7F471C7B30A500ABAF6C /* RegExMatcherTask.m in Sources */ = {isa = PBXBuildFile; fileRef = 227E7F361C7B30A500ABAF6C /* RegExMatcherTask.m */; };
		227E7F481C7B30A500ABAF6C /* ChatMsgObject.m in Sources */ = {isa = PBXBuildFile; fileRef = 227E7F391C7B30A500ABAF6C /* ChatMsgObject.m */; };
		227E7F491C7B30A500ABAF6C /* LinkObject.m in Sources */ = {isa = PBXBuildFile; fileRef = 227E7F3B1C7B30A500ABAF6C /* LinkObject.m */; };
		227E7F4A1C7B30A500ABAF6C /* ParsedHTMLObject.m in Sources */ = {isa = PBXBuildFile; fileRef = 227E7F3D1C7B30A500ABAF6C /* ParsedHTMLObject.m */; };
		227E7F4B1C7B30A500ABAF6C /* TextToJSONObjectTransformerTask.m in Sources */ = {isa = PBXBuildFile; fileRef = 227E7F401C7B30A500ABAF6C /* TextToJSONObjectTransformerTask.m */; };
		227E7F6C1C7B332900ABAF6C /* OHHTTPStubsResponse+HttpMessage.m in Sources */ = {isa = PBXBuildFile; fileRef = 227E7F4E1C7B332800ABAF6C /* OHHTTPStubsResponse+HttpMessage.m */; };
		227E7F6D1C7B332900ABAF6C /* HelperUnitTest.m in Sources */ = {isa = PBXBuildFile; fileRef = 227E7F511C7B332800ABAF6C /* HelperUnitTest.m */; };
		227E7F6E1C7B332900ABAF6C /* http-www.emptytitle.com.stub in Resources */ = {isa = PBXBuildFile; fileRef = 227E7F531C7B332800ABAF6C /* http-www.emptytitle.com.stub */; };
		227E7F6F1C7B332900ABAF6C /* http-www.invalidtitletag.com.stub in Resources */ = {isa = PBXBuildFile; fileRef = 227E7F541C7B332800ABAF6C /* http-www.invalidtitletag.com.stub */; };
		227E7F701C7B332900ABAF6C /* http-www.nbcolympics.com.stub in Resources */ = {isa = PBXBuildFile; fileRef = 227E7F551C7B332800ABAF6C /* http-www.nbcolympics.com.stub */; };
		227E7F711C7B332900ABAF6C /* http-www.notitletag.com.stub in Resources */ = {isa = PBXBuildFile; fileRef = 227E7F561C7B332800ABAF6C /* http-www.notitletag.com.stub */; };
		227E7F721C7B332900ABAF6C /* http-www.titletagwithattribute.com.stub in Resources */ = {isa = PBXBuildFile; fileRef = 227E7F571C7B332800ABAF6C /* http-www.titletagwithattribute.com.stub */; };
		227E7F731C7B332900ABAF6C /* http-www.titlewithnewline.com.stub in Resources */ = {isa = PBXBuildFile; fileRef = 227E7F581C7B332800ABAF6C /* http-www.titlewithnewline.com.stub */; };
		227E7F741C7B332900ABAF6C /* http-www.titlewithspecialcharacter.com.stub in Resources */ = {isa = PBXBuildFile; fileRef = 227E7F591C7B332800ABAF6C /* http-www.titlewithspecialcharacter.com.stub */; };
		227E7F751C7B332900ABAF6C /* https-twitter.com_jdorfman_status_430511497475670016.stub in Resources */ = {isa = PBXBuildFile; fileRef = 227E7F5A1C7B332900ABAF6C /* https-twitter.com_jdorfman_status_430511497475670016.stub */; };
		227E7F761C7B332900ABAF6C /* https-www.google.com.au.stub in Resources */ = {isa = PBXBuildFile; fileRef = 227E7F5B1C7B332900ABAF6C /* https-www.google.com.au.stub */; };
		227E7F771C7B332900ABAF6C /* HTMLPageStubManager.m in Sources */ = {isa = PBXBuildFile; fileRef = 227E7F5D1C7B332900ABAF6C /* HTMLPageStubManager.m */; };
		227E7F781C7B332900ABAF6C /* ChainableTaskTests.m in Sources */ = {isa = PBXBuildFile; fileRef = 227E7F611C7B332900ABAF6C /* ChainableTaskTests.m */; };
		227E7F791C7B332900ABAF6C /* ParallelTaskTests.m in Sources */ = {isa = PBXBuildFile; fileRef = 227E7F621C7B332900ABAF6C /* ParallelTaskTests.m */; };
		227E7F7A1C7B332900ABAF6C /* JSONObjectTest.m in Sources */ = {isa = PBXBuildFile; fileRef = 227E7F651C7B332900ABAF6C /* JSONObjectTest.m */; };
		227E7F7B1C7B332900ABAF6C /* MSGToJSONTransformerTests.m in Sources */ = {isa = PBXBuildFile; fileRef = 227E7F661C7B332900ABAF6C /* MSGToJSONTransformerTests.m */; };
		227E7F7C1C7B332900ABAF6C /* FetchHTMLPageContentTaskTests.m in Sources */ = {isa = PBXBuildFile; fileRef = 227E7F681C7B332900ABAF6C /* FetchHTMLPageContentTaskTests.m */; };
		227E7F7D1C7B332900ABAF6C /* ParseHTMLPageTaskTests.m in Sources */ = {isa = PBXBuildFile; fileRef = 227E7F691C7B332900ABAF6C /* ParseHTMLPageTaskTests.m */; };
		227E7F7E1C7B332900ABAF6C /* RegExMatcherTaskTest.m in Sources */ = {isa = PBXBuildFile; fileRef = 227E7F6A1C7B332900ABAF6C /* RegExMatcherTaskTest.m */; };
		227E7F7F1C7B332900ABAF6C /* TextToJSONObjectTransformerTaskTest.m in Sources */ = {isa = PBXBuildFile; fileRef = 227E7F6B1C7B332900ABAF6C /* TextToJSONObjectTransformerTaskTest.m */; };
		227E7F811C7B35B400ABAF6C /* TaskProvider.h in Headers */ = {isa = PBXBuildFile; fileRef = 227E7F3E1C7B30A500ABAF6C /* TaskProvider.h */; };
		227E7F821C7B360400ABAF6C /* Chain.h in Headers */ = {isa = PBXBuildFile; fileRef = 227E7F251C7B30A500ABAF6C /* Chain.h */; };
		227E7F8A1C7B388B00ABAF6C /* JSONObject+HipChat.m in Sources */ = {isa = PBXBuildFile; fileRef = 227E7F891C7B388B00ABAF6C /* JSONObject+HipChat.m */; };
		227E7F8D1C7D9CE400ABAF6C /* URLDetectionTask.m in Sources */ = {isa = PBXBuildFile; fileRef = 227E7F8C1C7D9CE400ABAF6C /* URLDetectionTask.m */; };
		227E7F961C7DA33100ABAF6C /* URLDetectionTaskTest.m in Sources */ = {isa = PBXBuildFile; fileRef = 227E7F951C7DA33100ABAF6C /* URLDetectionTaskTest.m */; };
		BAD636A5D0D724DFE60F65B4 /* libPods-MSGToJSONTransformerTests.a in Frameworks */ = {isa = PBXBuildFile; fileRef = 36FA2FF4BFEB8E95FDAB1709 /* libPods-MSGToJSONTransformerTests.a */; };
/* End PBXBuildFile section */

/* Begin PBXContainerItemProxy section */
		227E7F151C7B307E00ABAF6C /* PBXContainerItemProxy */ = {
			isa = PBXContainerItemProxy;
			containerPortal = 227E7EF31C7B307E00ABAF6C /* Project object */;
			proxyType = 1;
			remoteGlobalIDString = 227E7EFA1C7B307E00ABAF6C;
			remoteInfo = MSGToJSONTransformer;
		};
/* End PBXContainerItemProxy section */

/* Begin PBXFileReference section */
		227E7EFB1C7B307E00ABAF6C /* MSGToJSONTransformer.app */ = {isa = PBXFileReference; explicitFileType = wrapper.application; includeInIndex = 0; path = MSGToJSONTransformer.app; sourceTree = BUILT_PRODUCTS_DIR; };
		227E7EFF1C7B307E00ABAF6C /* main.m */ = {isa = PBXFileReference; lastKnownFileType = sourcecode.c.objc; path = main.m; sourceTree = "<group>"; };
		227E7F011C7B307E00ABAF6C /* AppDelegate.h */ = {isa = PBXFileReference; lastKnownFileType = sourcecode.c.h; path = AppDelegate.h; sourceTree = "<group>"; };
		227E7F021C7B307E00ABAF6C /* AppDelegate.m */ = {isa = PBXFileReference; lastKnownFileType = sourcecode.c.objc; path = AppDelegate.m; sourceTree = "<group>"; };
		227E7F041C7B307E00ABAF6C /* ViewController.h */ = {isa = PBXFileReference; lastKnownFileType = sourcecode.c.h; path = ViewController.h; sourceTree = "<group>"; };
		227E7F051C7B307E00ABAF6C /* ViewController.m */ = {isa = PBXFileReference; lastKnownFileType = sourcecode.c.objc; path = ViewController.m; sourceTree = "<group>"; };
		227E7F081C7B307E00ABAF6C /* Base */ = {isa = PBXFileReference; lastKnownFileType = file.storyboard; name = Base; path = Base.lproj/Main.storyboard; sourceTree = "<group>"; };
		227E7F0A1C7B307E00ABAF6C /* Assets.xcassets */ = {isa = PBXFileReference; lastKnownFileType = folder.assetcatalog; path = Assets.xcassets; sourceTree = "<group>"; };
		227E7F0D1C7B307E00ABAF6C /* Base */ = {isa = PBXFileReference; lastKnownFileType = file.storyboard; name = Base; path = Base.lproj/LaunchScreen.storyboard; sourceTree = "<group>"; };
		227E7F0F1C7B307E00ABAF6C /* Info.plist */ = {isa = PBXFileReference; lastKnownFileType = text.plist.xml; path = Info.plist; sourceTree = "<group>"; };
		227E7F141C7B307E00ABAF6C /* MSGToJSONTransformerTests.xctest */ = {isa = PBXFileReference; explicitFileType = wrapper.cfbundle; includeInIndex = 0; path = MSGToJSONTransformerTests.xctest; sourceTree = BUILT_PRODUCTS_DIR; };
		227E7F1A1C7B307E00ABAF6C /* Info.plist */ = {isa = PBXFileReference; lastKnownFileType = text.plist.xml; path = Info.plist; sourceTree = "<group>"; };
		227E7F251C7B30A500ABAF6C /* Chain.h */ = {isa = PBXFileReference; fileEncoding = 4; lastKnownFileType = sourcecode.c.h; path = Chain.h; sourceTree = "<group>"; };
		227E7F261C7B30A500ABAF6C /* ChainableTask.h */ = {isa = PBXFileReference; fileEncoding = 4; lastKnownFileType = sourcecode.c.h; path = ChainableTask.h; sourceTree = "<group>"; };
		227E7F271C7B30A500ABAF6C /* ChainableTask.m */ = {isa = PBXFileReference; fileEncoding = 4; lastKnownFileType = sourcecode.c.objc; path = ChainableTask.m; sourceTree = "<group>"; };
		227E7F281C7B30A500ABAF6C /* ParallelTask.h */ = {isa = PBXFileReference; fileEncoding = 4; lastKnownFileType = sourcecode.c.h; path = ParallelTask.h; sourceTree = "<group>"; };
		227E7F291C7B30A500ABAF6C /* ParallelTask.m */ = {isa = PBXFileReference; fileEncoding = 4; lastKnownFileType = sourcecode.c.objc; path = ParallelTask.m; sourceTree = "<group>"; };
		227E7F2B1C7B30A500ABAF6C /* JSONObject.h */ = {isa = PBXFileReference; fileEncoding = 4; lastKnownFileType = sourcecode.c.h; path = JSONObject.h; sourceTree = "<group>"; };
		227E7F2C1C7B30A500ABAF6C /* JSONObject.m */ = {isa = PBXFileReference; fileEncoding = 4; lastKnownFileType = sourcecode.c.objc; path = JSONObject.m; sourceTree = "<group>"; };
		227E7F311C7B30A500ABAF6C /* FetchHTMLPageContentTask.h */ = {isa = PBXFileReference; fileEncoding = 4; lastKnownFileType = sourcecode.c.h; path = FetchHTMLPageContentTask.h; sourceTree = "<group>"; };
		227E7F321C7B30A500ABAF6C /* FetchHTMLPageContentTask.m */ = {isa = PBXFileReference; fileEncoding = 4; lastKnownFileType = sourcecode.c.objc; path = FetchHTMLPageContentTask.m; sourceTree = "<group>"; };
		227E7F331C7B30A500ABAF6C /* ParseHTMLPageTask.h */ = {isa = PBXFileReference; fileEncoding = 4; lastKnownFileType = sourcecode.c.h; path = ParseHTMLPageTask.h; sourceTree = "<group>"; };
		227E7F341C7B30A500ABAF6C /* ParseHTMLPageTask.m */ = {isa = PBXFileReference; fileEncoding = 4; lastKnownFileType = sourcecode.c.objc; path = ParseHTMLPageTask.m; sourceTree = "<group>"; };
		227E7F351C7B30A500ABAF6C /* RegExMatcherTask.h */ = {isa = PBXFileReference; fileEncoding = 4; lastKnownFileType = sourcecode.c.h; path = RegExMatcherTask.h; sourceTree = "<group>"; };
		227E7F361C7B30A500ABAF6C /* RegExMatcherTask.m */ = {isa = PBXFileReference; fileEncoding = 4; lastKnownFileType = sourcecode.c.objc; path = RegExMatcherTask.m; sourceTree = "<group>"; };
		227E7F381C7B30A500ABAF6C /* ChatMsgObject.h */ = {isa = PBXFileReference; fileEncoding = 4; lastKnownFileType = sourcecode.c.h; path = ChatMsgObject.h; sourceTree = "<group>"; };
		227E7F391C7B30A500ABAF6C /* ChatMsgObject.m */ = {isa = PBXFileReference; fileEncoding = 4; lastKnownFileType = sourcecode.c.objc; path = ChatMsgObject.m; sourceTree = "<group>"; };
		227E7F3A1C7B30A500ABAF6C /* LinkObject.h */ = {isa = PBXFileReference; fileEncoding = 4; lastKnownFileType = sourcecode.c.h; path = LinkObject.h; sourceTree = "<group>"; };
		227E7F3B1C7B30A500ABAF6C /* LinkObject.m */ = {isa = PBXFileReference; fileEncoding = 4; lastKnownFileType = sourcecode.c.objc; path = LinkObject.m; sourceTree = "<group>"; };
		227E7F3C1C7B30A500ABAF6C /* ParsedHTMLObject.h */ = {isa = PBXFileReference; fileEncoding = 4; lastKnownFileType = sourcecode.c.h; path = ParsedHTMLObject.h; sourceTree = "<group>"; };
		227E7F3D1C7B30A500ABAF6C /* ParsedHTMLObject.m */ = {isa = PBXFileReference; fileEncoding = 4; lastKnownFileType = sourcecode.c.objc; path = ParsedHTMLObject.m; sourceTree = "<group>"; };
		227E7F3E1C7B30A500ABAF6C /* TaskProvider.h */ = {isa = PBXFileReference; fileEncoding = 4; lastKnownFileType = sourcecode.c.h; path = TaskProvider.h; sourceTree = "<group>"; };
		227E7F3F1C7B30A500ABAF6C /* TextToJSONObjectTransformerTask.h */ = {isa = PBXFileReference; fileEncoding = 4; lastKnownFileType = sourcecode.c.h; path = TextToJSONObjectTransformerTask.h; sourceTree = "<group>"; };
		227E7F401C7B30A500ABAF6C /* TextToJSONObjectTransformerTask.m */ = {isa = PBXFileReference; fileEncoding = 4; lastKnownFileType = sourcecode.c.objc; path = TextToJSONObjectTransformerTask.m; sourceTree = "<group>"; };
		227E7F4D1C7B332800ABAF6C /* OHHTTPStubsResponse+HttpMessage.h */ = {isa = PBXFileReference; fileEncoding = 4; lastKnownFileType = sourcecode.c.h; path = "OHHTTPStubsResponse+HttpMessage.h"; sourceTree = "<group>"; };
		227E7F4E1C7B332800ABAF6C /* OHHTTPStubsResponse+HttpMessage.m */ = {isa = PBXFileReference; fileEncoding = 4; lastKnownFileType = sourcecode.c.objc; path = "OHHTTPStubsResponse+HttpMessage.m"; sourceTree = "<group>"; };
		227E7F501C7B332800ABAF6C /* HelperUnitTest.h */ = {isa = PBXFileReference; fileEncoding = 4; lastKnownFileType = sourcecode.c.h; path = HelperUnitTest.h; sourceTree = "<group>"; };
		227E7F511C7B332800ABAF6C /* HelperUnitTest.m */ = {isa = PBXFileReference; fileEncoding = 4; lastKnownFileType = sourcecode.c.objc; path = HelperUnitTest.m; sourceTree = "<group>"; };
		227E7F531C7B332800ABAF6C /* http-www.emptytitle.com.stub */ = {isa = PBXFileReference; fileEncoding = 4; lastKnownFileType = text; path = "http-www.emptytitle.com.stub"; sourceTree = "<group>"; };
		227E7F541C7B332800ABAF6C /* http-www.invalidtitletag.com.stub */ = {isa = PBXFileReference; fileEncoding = 4; lastKnownFileType = text; path = "http-www.invalidtitletag.com.stub"; sourceTree = "<group>"; };
		227E7F551C7B332800ABAF6C /* http-www.nbcolympics.com.stub */ = {isa = PBXFileReference; fileEncoding = 4; lastKnownFileType = text; path = "http-www.nbcolympics.com.stub"; sourceTree = "<group>"; };
		227E7F561C7B332800ABAF6C /* http-www.notitletag.com.stub */ = {isa = PBXFileReference; fileEncoding = 4; lastKnownFileType = text; path = "http-www.notitletag.com.stub"; sourceTree = "<group>"; };
		227E7F571C7B332800ABAF6C /* http-www.titletagwithattribute.com.stub */ = {isa = PBXFileReference; fileEncoding = 4; lastKnownFileType = text; path = "http-www.titletagwithattribute.com.stub"; sourceTree = "<group>"; };
		227E7F581C7B332800ABAF6C /* http-www.titlewithnewline.com.stub */ = {isa = PBXFileReference; fileEncoding = 4; lastKnownFileType = text; path = "http-www.titlewithnewline.com.stub"; sourceTree = "<group>"; };
		227E7F591C7B332800ABAF6C /* http-www.titlewithspecialcharacter.com.stub */ = {isa = PBXFileReference; fileEncoding = 4; lastKnownFileType = text; path = "http-www.titlewithspecialcharacter.com.stub"; sourceTree = "<group>"; };
		227E7F5A1C7B332900ABAF6C /* https-twitter.com_jdorfman_status_430511497475670016.stub */ = {isa = PBXFileReference; fileEncoding = 4; lastKnownFileType = text; path = "https-twitter.com_jdorfman_status_430511497475670016.stub"; sourceTree = "<group>"; };
		227E7F5B1C7B332900ABAF6C /* https-www.google.com.au.stub */ = {isa = PBXFileReference; fileEncoding = 4; lastKnownFileType = text; path = "https-www.google.com.au.stub"; sourceTree = "<group>"; };
		227E7F5C1C7B332900ABAF6C /* HTMLPageStubManager.h */ = {isa = PBXFileReference; fileEncoding = 4; lastKnownFileType = sourcecode.c.h; path = HTMLPageStubManager.h; sourceTree = "<group>"; };
		227E7F5D1C7B332900ABAF6C /* HTMLPageStubManager.m */ = {isa = PBXFileReference; fileEncoding = 4; lastKnownFileType = sourcecode.c.objc; path = HTMLPageStubManager.m; sourceTree = "<group>"; };
		227E7F5E1C7B332900ABAF6C /* TestDefines.h */ = {isa = PBXFileReference; fileEncoding = 4; lastKnownFileType = sourcecode.c.h; path = TestDefines.h; sourceTree = "<group>"; };
		227E7F611C7B332900ABAF6C /* ChainableTaskTests.m */ = {isa = PBXFileReference; fileEncoding = 4; lastKnownFileType = sourcecode.c.objc; path = ChainableTaskTests.m; sourceTree = "<group>"; };
		227E7F621C7B332900ABAF6C /* ParallelTaskTests.m */ = {isa = PBXFileReference; fileEncoding = 4; lastKnownFileType = sourcecode.c.objc; path = ParallelTaskTests.m; sourceTree = "<group>"; };
		227E7F651C7B332900ABAF6C /* JSONObjectTest.m */ = {isa = PBXFileReference; fileEncoding = 4; lastKnownFileType = sourcecode.c.objc; path = JSONObjectTest.m; sourceTree = "<group>"; };
		227E7F661C7B332900ABAF6C /* MSGToJSONTransformerTests.m */ = {isa = PBXFileReference; fileEncoding = 4; lastKnownFileType = sourcecode.c.objc; path = MSGToJSONTransformerTests.m; sourceTree = "<group>"; };
		227E7F681C7B332900ABAF6C /* FetchHTMLPageContentTaskTests.m */ = {isa = PBXFileReference; fileEncoding = 4; lastKnownFileType = sourcecode.c.objc; path = FetchHTMLPageContentTaskTests.m; sourceTree = "<group>"; };
		227E7F691C7B332900ABAF6C /* ParseHTMLPageTaskTests.m */ = {isa = PBXFileReference; fileEncoding = 4; lastKnownFileType = sourcecode.c.objc; path = ParseHTMLPageTaskTests.m; sourceTree = "<group>"; };
		227E7F6A1C7B332900ABAF6C /* RegExMatcherTaskTest.m */ = {isa = PBXFileReference; fileEncoding = 4; lastKnownFileType = sourcecode.c.objc; path = RegExMatcherTaskTest.m; sourceTree = "<group>"; };
		227E7F6B1C7B332900ABAF6C /* TextToJSONObjectTransformerTaskTest.m */ = {isa = PBXFileReference; fileEncoding = 4; lastKnownFileType = sourcecode.c.objc; path = TextToJSONObjectTransformerTaskTest.m; sourceTree = "<group>"; };
		227E7F881C7B388B00ABAF6C /* JSONObject+HipChat.h */ = {isa = PBXFileReference; fileEncoding = 4; lastKnownFileType = sourcecode.c.h; path = "JSONObject+HipChat.h"; sourceTree = "<group>"; };
		227E7F891C7B388B00ABAF6C /* JSONObject+HipChat.m */ = {isa = PBXFileReference; fileEncoding = 4; lastKnownFileType = sourcecode.c.objc; path = "JSONObject+HipChat.m"; sourceTree = "<group>"; };
		227E7F8B1C7D9CE400ABAF6C /* URLDetectionTask.h */ = {isa = PBXFileReference; fileEncoding = 4; lastKnownFileType = sourcecode.c.h; path = URLDetectionTask.h; sourceTree = "<group>"; };
		227E7F8C1C7D9CE400ABAF6C /* URLDetectionTask.m */ = {isa = PBXFileReference; fileEncoding = 4; lastKnownFileType = sourcecode.c.objc; path = URLDetectionTask.m; sourceTree = "<group>"; };
		227E7F951C7DA33100ABAF6C /* URLDetectionTaskTest.m */ = {isa = PBXFileReference; fileEncoding = 4; lastKnownFileType = sourcecode.c.objc; path = URLDetectionTaskTest.m; sourceTree = "<group>"; };
		36FA2FF4BFEB8E95FDAB1709 /* libPods-MSGToJSONTransformerTests.a */ = {isa = PBXFileReference; explicitFileType = archive.ar; includeInIndex = 0; path = "libPods-MSGToJSONTransformerTests.a"; sourceTree = BUILT_PRODUCTS_DIR; };
		4AFC62AA9EA8EC1D84EA48F1 /* Pods-MSGToJSONTransformerTests.debug.xcconfig */ = {isa = PBXFileReference; includeInIndex = 1; lastKnownFileType = text.xcconfig; name = "Pods-MSGToJSONTransformerTests.debug.xcconfig"; path = "Pods/Target Support Files/Pods-MSGToJSONTransformerTests/Pods-MSGToJSONTransformerTests.debug.xcconfig"; sourceTree = "<group>"; };
		F3BD090F9944FFE5B2CEBAAA /* Pods-MSGToJSONTransformerTests.release.xcconfig */ = {isa = PBXFileReference; includeInIndex = 1; lastKnownFileType = text.xcconfig; name = "Pods-MSGToJSONTransformerTests.release.xcconfig"; path = "Pods/Target Support Files/Pods-MSGToJSONTransformerTests/Pods-MSGToJSONTransformerTests.release.xcconfig"; sourceTree = "<group>"; };
/* End PBXFileReference section */

/* Begin PBXFrameworksBuildPhase section */
		227E7EF81C7B307E00ABAF6C /* Frameworks */ = {
			isa = PBXFrameworksBuildPhase;
			buildActionMask = 2147483647;
			files = (
			);
			runOnlyForDeploymentPostprocessing = 0;
		};
		227E7F111C7B307E00ABAF6C /* Frameworks */ = {
			isa = PBXFrameworksBuildPhase;
			buildActionMask = 2147483647;
			files = (
				BAD636A5D0D724DFE60F65B4 /* libPods-MSGToJSONTransformerTests.a in Frameworks */,
			);
			runOnlyForDeploymentPostprocessing = 0;
		};
/* End PBXFrameworksBuildPhase section */

/* Begin PBXGroup section */
		227E7EF21C7B307E00ABAF6C = {
			isa = PBXGroup;
			children = (
				227E7EFD1C7B307E00ABAF6C /* MSGToJSONTransformer */,
				227E7F171C7B307E00ABAF6C /* MSGToJSONTransformerTests */,
				227E7EFC1C7B307E00ABAF6C /* Products */,
				4DAF308D59F9AE65C5666B35 /* Pods */,
				3B48B5689312FAD3EA9B39E6 /* Frameworks */,
			);
			sourceTree = "<group>";
		};
		227E7EFC1C7B307E00ABAF6C /* Products */ = {
			isa = PBXGroup;
			children = (
				227E7EFB1C7B307E00ABAF6C /* MSGToJSONTransformer.app */,
				227E7F141C7B307E00ABAF6C /* MSGToJSONTransformerTests.xctest */,
			);
			name = Products;
			sourceTree = "<group>";
		};
		227E7EFD1C7B307E00ABAF6C /* MSGToJSONTransformer */ = {
			isa = PBXGroup;
			children = (
				227E7F231C7B30A500ABAF6C /* libs */,
				227E7F301C7B30A500ABAF6C /* Tasks */,
				227E7F841C7B381500ABAF6C /* Extensions */,
				227E7F011C7B307E00ABAF6C /* AppDelegate.h */,
				227E7F021C7B307E00ABAF6C /* AppDelegate.m */,
				227E7F041C7B307E00ABAF6C /* ViewController.h */,
				227E7F051C7B307E00ABAF6C /* ViewController.m */,
				227E7F071C7B307E00ABAF6C /* Main.storyboard */,
				227E7F0A1C7B307E00ABAF6C /* Assets.xcassets */,
				227E7F0C1C7B307E00ABAF6C /* LaunchScreen.storyboard */,
				227E7F0F1C7B307E00ABAF6C /* Info.plist */,
				227E7EFE1C7B307E00ABAF6C /* Supporting Files */,
			);
			path = MSGToJSONTransformer;
			sourceTree = "<group>";
		};
		227E7EFE1C7B307E00ABAF6C /* Supporting Files */ = {
			isa = PBXGroup;
			children = (
				227E7EFF1C7B307E00ABAF6C /* main.m */,
			);
			name = "Supporting Files";
			sourceTree = "<group>";
		};
		227E7F171C7B307E00ABAF6C /* MSGToJSONTransformerTests */ = {
			isa = PBXGroup;
			children = (
				227E7F4C1C7B332800ABAF6C /* Extension */,
				227E7F4F1C7B332800ABAF6C /* Helper */,
				227E7F521C7B332800ABAF6C /* html_page_stubs */,
				227E7F5C1C7B332900ABAF6C /* HTMLPageStubManager.h */,
				227E7F5D1C7B332900ABAF6C /* HTMLPageStubManager.m */,
				227E7F5E1C7B332900ABAF6C /* TestDefines.h */,
				227E7F5F1C7B332900ABAF6C /* Tests */,
				227E7F1A1C7B307E00ABAF6C /* Info.plist */,
			);
			path = MSGToJSONTransformerTests;
			sourceTree = "<group>";
		};
		227E7F231C7B30A500ABAF6C /* libs */ = {
			isa = PBXGroup;
			children = (
				227E7F241C7B30A500ABAF6C /* Chain */,
				227E7F2A1C7B30A500ABAF6C /* JSONObject */,
			);
			path = libs;
			sourceTree = "<group>";
		};
		227E7F241C7B30A500ABAF6C /* Chain */ = {
			isa = PBXGroup;
			children = (
				227E7F251C7B30A500ABAF6C /* Chain.h */,
				227E7F261C7B30A500ABAF6C /* ChainableTask.h */,
				227E7F271C7B30A500ABAF6C /* ChainableTask.m */,
				227E7F281C7B30A500ABAF6C /* ParallelTask.h */,
				227E7F291C7B30A500ABAF6C /* ParallelTask.m */,
			);
			path = Chain;
			sourceTree = "<group>";
		};
		227E7F2A1C7B30A500ABAF6C /* JSONObject */ = {
			isa = PBXGroup;
			children = (
				227E7F2B1C7B30A500ABAF6C /* JSONObject.h */,
				227E7F2C1C7B30A500ABAF6C /* JSONObject.m */,
			);
			path = JSONObject;
			sourceTree = "<group>";
		};
		227E7F301C7B30A500ABAF6C /* Tasks */ = {
			isa = PBXGroup;
			children = (
				227E7F3E1C7B30A500ABAF6C /* TaskProvider.h */,
				227E7F371C7B30A500ABAF6C /* TaskObjects */,
				227E7F311C7B30A500ABAF6C /* FetchHTMLPageContentTask.h */,
				227E7F321C7B30A500ABAF6C /* FetchHTMLPageContentTask.m */,
				227E7F331C7B30A500ABAF6C /* ParseHTMLPageTask.h */,
				227E7F341C7B30A500ABAF6C /* ParseHTMLPageTask.m */,
				227E7F3F1C7B30A500ABAF6C /* TextToJSONObjectTransformerTask.h */,
				227E7F401C7B30A500ABAF6C /* TextToJSONObjectTransformerTask.m */,
				227E7F351C7B30A500ABAF6C /* RegExMatcherTask.h */,
				227E7F361C7B30A500ABAF6C /* RegExMatcherTask.m */,
				227E7F8B1C7D9CE400ABAF6C /* URLDetectionTask.h */,
				227E7F8C1C7D9CE400ABAF6C /* URLDetectionTask.m */,
			);
			path = Tasks;
			sourceTree = "<group>";
		};
		227E7F371C7B30A500ABAF6C /* TaskObjects */ = {
			isa = PBXGroup;
			children = (
				227E7F381C7B30A500ABAF6C /* ChatMsgObject.h */,
				227E7F391C7B30A500ABAF6C /* ChatMsgObject.m */,
				227E7F3A1C7B30A500ABAF6C /* LinkObject.h */,
				227E7F3B1C7B30A500ABAF6C /* LinkObject.m */,
				227E7F3C1C7B30A500ABAF6C /* ParsedHTMLObject.h */,
				227E7F3D1C7B30A500ABAF6C /* ParsedHTMLObject.m */,
			);
			path = TaskObjects;
			sourceTree = "<group>";
		};
		227E7F4C1C7B332800ABAF6C /* Extension */ = {
			isa = PBXGroup;
			children = (
				227E7F4D1C7B332800ABAF6C /* OHHTTPStubsResponse+HttpMessage.h */,
				227E7F4E1C7B332800ABAF6C /* OHHTTPStubsResponse+HttpMessage.m */,
			);
			path = Extension;
			sourceTree = "<group>";
		};
		227E7F4F1C7B332800ABAF6C /* Helper */ = {
			isa = PBXGroup;
			children = (
				227E7F501C7B332800ABAF6C /* HelperUnitTest.h */,
				227E7F511C7B332800ABAF6C /* HelperUnitTest.m */,
			);
			path = Helper;
			sourceTree = "<group>";
		};
		227E7F521C7B332800ABAF6C /* html_page_stubs */ = {
			isa = PBXGroup;
			children = (
				227E7F531C7B332800ABAF6C /* http-www.emptytitle.com.stub */,
				227E7F541C7B332800ABAF6C /* http-www.invalidtitletag.com.stub */,
				227E7F551C7B332800ABAF6C /* http-www.nbcolympics.com.stub */,
				227E7F561C7B332800ABAF6C /* http-www.notitletag.com.stub */,
				227E7F571C7B332800ABAF6C /* http-www.titletagwithattribute.com.stub */,
				227E7F581C7B332800ABAF6C /* http-www.titlewithnewline.com.stub */,
				227E7F591C7B332800ABAF6C /* http-www.titlewithspecialcharacter.com.stub */,
				227E7F5A1C7B332900ABAF6C /* https-twitter.com_jdorfman_status_430511497475670016.stub */,
				227E7F5B1C7B332900ABAF6C /* https-www.google.com.au.stub */,
			);
			path = html_page_stubs;
			sourceTree = "<group>";
		};
		227E7F5F1C7B332900ABAF6C /* Tests */ = {
			isa = PBXGroup;
			children = (
				227E7F601C7B332900ABAF6C /* Chain */,
				227E7F641C7B332900ABAF6C /* JSONObject */,
				227E7F661C7B332900ABAF6C /* MSGToJSONTransformerTests.m */,
				227E7F671C7B332900ABAF6C /* Tasks */,
			);
			path = Tests;
			sourceTree = "<group>";
		};
		227E7F601C7B332900ABAF6C /* Chain */ = {
			isa = PBXGroup;
			children = (
				227E7F611C7B332900ABAF6C /* ChainableTaskTests.m */,
				227E7F621C7B332900ABAF6C /* ParallelTaskTests.m */,
			);
			path = Chain;
			sourceTree = "<group>";
		};
		227E7F641C7B332900ABAF6C /* JSONObject */ = {
			isa = PBXGroup;
			children = (
				227E7F651C7B332900ABAF6C /* JSONObjectTest.m */,
			);
			path = JSONObject;
			sourceTree = "<group>";
		};
		227E7F671C7B332900ABAF6C /* Tasks */ = {
			isa = PBXGroup;
			children = (
				227E7F681C7B332900ABAF6C /* FetchHTMLPageContentTaskTests.m */,
				227E7F691C7B332900ABAF6C /* ParseHTMLPageTaskTests.m */,
				227E7F6A1C7B332900ABAF6C /* RegExMatcherTaskTest.m */,
				227E7F6B1C7B332900ABAF6C /* TextToJSONObjectTransformerTaskTest.m */,
				227E7F951C7DA33100ABAF6C /* URLDetectionTaskTest.m */,
			);
			path = Tasks;
			sourceTree = "<group>";
		};
		227E7F841C7B381500ABAF6C /* Extensions */ = {
			isa = PBXGroup;
			children = (
				227E7F881C7B388B00ABAF6C /* JSONObject+HipChat.h */,
				227E7F891C7B388B00ABAF6C /* JSONObject+HipChat.m */,
			);
			path = Extensions;
			sourceTree = "<group>";
		};
		3B48B5689312FAD3EA9B39E6 /* Frameworks */ = {
			isa = PBXGroup;
			children = (
				36FA2FF4BFEB8E95FDAB1709 /* libPods-MSGToJSONTransformerTests.a */,
			);
			name = Frameworks;
			sourceTree = "<group>";
		};
		4DAF308D59F9AE65C5666B35 /* Pods */ = {
			isa = PBXGroup;
			children = (
				4AFC62AA9EA8EC1D84EA48F1 /* Pods-MSGToJSONTransformerTests.debug.xcconfig */,
				F3BD090F9944FFE5B2CEBAAA /* Pods-MSGToJSONTransformerTests.release.xcconfig */,
			);
			name = Pods;
			sourceTree = "<group>";
		};
/* End PBXGroup section */

/* Begin PBXHeadersBuildPhase section */
		227E7F801C7B359A00ABAF6C /* Headers */ = {
			isa = PBXHeadersBuildPhase;
			buildActionMask = 2147483647;
			files = (
				227E7F821C7B360400ABAF6C /* Chain.h in Headers */,
				227E7F811C7B35B400ABAF6C /* TaskProvider.h in Headers */,
			);
			runOnlyForDeploymentPostprocessing = 0;
		};
/* End PBXHeadersBuildPhase section */

/* Begin PBXNativeTarget section */
		227E7EFA1C7B307E00ABAF6C /* MSGToJSONTransformer */ = {
			isa = PBXNativeTarget;
			buildConfigurationList = 227E7F1D1C7B307E00ABAF6C /* Build configuration list for PBXNativeTarget "MSGToJSONTransformer" */;
			buildPhases = (
				227E7EF71C7B307E00ABAF6C /* Sources */,
				227E7EF81C7B307E00ABAF6C /* Frameworks */,
				227E7EF91C7B307E00ABAF6C /* Resources */,
			);
			buildRules = (
			);
			dependencies = (
			);
			name = MSGToJSONTransformer;
			productName = MSGToJSONTransformer;
			productReference = 227E7EFB1C7B307E00ABAF6C /* MSGToJSONTransformer.app */;
			productType = "com.apple.product-type.application";
		};
		227E7F131C7B307E00ABAF6C /* MSGToJSONTransformerTests */ = {
			isa = PBXNativeTarget;
			buildConfigurationList = 227E7F201C7B307E00ABAF6C /* Build configuration list for PBXNativeTarget "MSGToJSONTransformerTests" */;
			buildPhases = (
				BEE6FBC809291EEADD3CCB84 /* Check Pods Manifest.lock */,
				227E7F101C7B307E00ABAF6C /* Sources */,
				227E7F111C7B307E00ABAF6C /* Frameworks */,
				227E7F121C7B307E00ABAF6C /* Resources */,
				ABB69C8D9AF927A5B3E55B1F /* Embed Pods Frameworks */,
				030D07F7B92A4D9467E1B2EE /* Copy Pods Resources */,
				227E7F801C7B359A00ABAF6C /* Headers */,
			);
			buildRules = (
			);
			dependencies = (
				227E7F161C7B307E00ABAF6C /* PBXTargetDependency */,
			);
			name = MSGToJSONTransformerTests;
			productName = MSGToJSONTransformerTests;
			productReference = 227E7F141C7B307E00ABAF6C /* MSGToJSONTransformerTests.xctest */;
			productType = "com.apple.product-type.bundle.unit-test";
		};
/* End PBXNativeTarget section */

/* Begin PBXProject section */
		227E7EF31C7B307E00ABAF6C /* Project object */ = {
			isa = PBXProject;
			attributes = {
				LastUpgradeCheck = 0720;
				ORGANIZATIONNAME = "Ashiqur Rahman";
				TargetAttributes = {
					227E7EFA1C7B307E00ABAF6C = {
						CreatedOnToolsVersion = 7.2;
						DevelopmentTeam = R2N92D2RSP;
					};
					227E7F131C7B307E00ABAF6C = {
						CreatedOnToolsVersion = 7.2;
						DevelopmentTeam = R2N92D2RSP;
						TestTargetID = 227E7EFA1C7B307E00ABAF6C;
					};
				};
			};
			buildConfigurationList = 227E7EF61C7B307E00ABAF6C /* Build configuration list for PBXProject "MSGToJSONTransformer" */;
			compatibilityVersion = "Xcode 3.2";
			developmentRegion = English;
			hasScannedForEncodings = 0;
			knownRegions = (
				en,
				Base,
			);
			mainGroup = 227E7EF21C7B307E00ABAF6C;
			productRefGroup = 227E7EFC1C7B307E00ABAF6C /* Products */;
			projectDirPath = "";
			projectRoot = "";
			targets = (
				227E7EFA1C7B307E00ABAF6C /* MSGToJSONTransformer */,
				227E7F131C7B307E00ABAF6C /* MSGToJSONTransformerTests */,
			);
		};
/* End PBXProject section */

/* Begin PBXResourcesBuildPhase section */
		227E7EF91C7B307E00ABAF6C /* Resources */ = {
			isa = PBXResourcesBuildPhase;
			buildActionMask = 2147483647;
			files = (
				227E7F0E1C7B307E00ABAF6C /* LaunchScreen.storyboard in Resources */,
				227E7F0B1C7B307E00ABAF6C /* Assets.xcassets in Resources */,
				227E7F091C7B307E00ABAF6C /* Main.storyboard in Resources */,
			);
			runOnlyForDeploymentPostprocessing = 0;
		};
		227E7F121C7B307E00ABAF6C /* Resources */ = {
			isa = PBXResourcesBuildPhase;
			buildActionMask = 2147483647;
			files = (
				227E7F711C7B332900ABAF6C /* http-www.notitletag.com.stub in Resources */,
				227E7F741C7B332900ABAF6C /* http-www.titlewithspecialcharacter.com.stub in Resources */,
				227E7F6E1C7B332900ABAF6C /* http-www.emptytitle.com.stub in Resources */,
				227E7F6F1C7B332900ABAF6C /* http-www.invalidtitletag.com.stub in Resources */,
				227E7F701C7B332900ABAF6C /* http-www.nbcolympics.com.stub in Resources */,
				227E7F761C7B332900ABAF6C /* https-www.google.com.au.stub in Resources */,
				227E7F751C7B332900ABAF6C /* https-twitter.com_jdorfman_status_430511497475670016.stub in Resources */,
				227E7F721C7B332900ABAF6C /* http-www.titletagwithattribute.com.stub in Resources */,
				227E7F731C7B332900ABAF6C /* http-www.titlewithnewline.com.stub in Resources */,
			);
			runOnlyForDeploymentPostprocessing = 0;
		};
/* End PBXResourcesBuildPhase section */

/* Begin PBXShellScriptBuildPhase section */
		030D07F7B92A4D9467E1B2EE /* Copy Pods Resources */ = {
			isa = PBXShellScriptBuildPhase;
			buildActionMask = 2147483647;
			files = (
			);
			inputPaths = (
			);
			name = "Copy Pods Resources";
			outputPaths = (
			);
			runOnlyForDeploymentPostprocessing = 0;
			shellPath = /bin/sh;
			shellScript = "\"${SRCROOT}/Pods/Target Support Files/Pods-MSGToJSONTransformerTests/Pods-MSGToJSONTransformerTests-resources.sh\"\n";
			showEnvVarsInLog = 0;
		};
		ABB69C8D9AF927A5B3E55B1F /* Embed Pods Frameworks */ = {
			isa = PBXShellScriptBuildPhase;
			buildActionMask = 2147483647;
			files = (
			);
			inputPaths = (
			);
			name = "Embed Pods Frameworks";
			outputPaths = (
			);
			runOnlyForDeploymentPostprocessing = 0;
			shellPath = /bin/sh;
			shellScript = "\"${SRCROOT}/Pods/Target Support Files/Pods-MSGToJSONTransformerTests/Pods-MSGToJSONTransformerTests-frameworks.sh\"\n";
			showEnvVarsInLog = 0;
		};
		BEE6FBC809291EEADD3CCB84 /* Check Pods Manifest.lock */ = {
			isa = PBXShellScriptBuildPhase;
			buildActionMask = 2147483647;
			files = (
			);
			inputPaths = (
			);
			name = "Check Pods Manifest.lock";
			outputPaths = (
			);
			runOnlyForDeploymentPostprocessing = 0;
			shellPath = /bin/sh;
			shellScript = "diff \"${PODS_ROOT}/../Podfile.lock\" \"${PODS_ROOT}/Manifest.lock\" > /dev/null\nif [[ $? != 0 ]] ; then\n    cat << EOM\nerror: The sandbox is not in sync with the Podfile.lock. Run 'pod install' or update your CocoaPods installation.\nEOM\n    exit 1\nfi\n";
			showEnvVarsInLog = 0;
		};
/* End PBXShellScriptBuildPhase section */

/* Begin PBXSourcesBuildPhase section */
		227E7EF71C7B307E00ABAF6C /* Sources */ = {
			isa = PBXSourcesBuildPhase;
			buildActionMask = 2147483647;
			files = (
				227E7F411C7B30A500ABAF6C /* ChainableTask.m in Sources */,
				227E7F481C7B30A500ABAF6C /* ChatMsgObject.m in Sources */,
				227E7F8A1C7B388B00ABAF6C /* JSONObject+HipChat.m in Sources */,
				227E7F061C7B307E00ABAF6C /* ViewController.m in Sources */,
				227E7F421C7B30A500ABAF6C /* ParallelTask.m in Sources */,
				227E7F031C7B307E00ABAF6C /* AppDelegate.m in Sources */,
				227E7F471C7B30A500ABAF6C /* RegExMatcherTask.m in Sources */,
				227E7F4B1C7B30A500ABAF6C /* TextToJSONObjectTransformerTask.m in Sources */,
				227E7F431C7B30A500ABAF6C /* JSONObject.m in Sources */,
				227E7F4A1C7B30A500ABAF6C /* ParsedHTMLObject.m in Sources */,
				227E7F491C7B30A500ABAF6C /* LinkObject.m in Sources */,
				227E7F8D1C7D9CE400ABAF6C /* URLDetectionTask.m in Sources */,
				227E7F001C7B307E00ABAF6C /* main.m in Sources */,
				227E7F451C7B30A500ABAF6C /* FetchHTMLPageContentTask.m in Sources */,
				227E7F461C7B30A500ABAF6C /* ParseHTMLPageTask.m in Sources */,
			);
			runOnlyForDeploymentPostprocessing = 0;
		};
		227E7F101C7B307E00ABAF6C /* Sources */ = {
			isa = PBXSourcesBuildPhase;
			buildActionMask = 2147483647;
			files = (
				227E7F7A1C7B332900ABAF6C /* JSONObjectTest.m in Sources */,
				227E7F781C7B332900ABAF6C /* ChainableTaskTests.m in Sources */,
				227E7F7F1C7B332900ABAF6C /* TextToJSONObjectTransformerTaskTest.m in Sources */,
				227E7F7D1C7B332900ABAF6C /* ParseHTMLPageTaskTests.m in Sources */,
				227E7F7B1C7B332900ABAF6C /* MSGToJSONTransformerTests.m in Sources */,
				227E7F6C1C7B332900ABAF6C /* OHHTTPStubsResponse+HttpMessage.m in Sources */,
				227E7F771C7B332900ABAF6C /* HTMLPageStubManager.m in Sources */,
				227E7F791C7B332900ABAF6C /* ParallelTaskTests.m in Sources */,
				227E7F7E1C7B332900ABAF6C /* RegExMatcherTaskTest.m in Sources */,
				227E7F6D1C7B332900ABAF6C /* HelperUnitTest.m in Sources */,
				227E7F961C7DA33100ABAF6C /* URLDetectionTaskTest.m in Sources */,
				227E7F7C1C7B332900ABAF6C /* FetchHTMLPageContentTaskTests.m in Sources */,
			);
			runOnlyForDeploymentPostprocessing = 0;
		};
/* End PBXSourcesBuildPhase section */

/* Begin PBXTargetDependency section */
		227E7F161C7B307E00ABAF6C /* PBXTargetDependency */ = {
			isa = PBXTargetDependency;
			target = 227E7EFA1C7B307E00ABAF6C /* MSGToJSONTransformer */;
			targetProxy = 227E7F151C7B307E00ABAF6C /* PBXContainerItemProxy */;
		};
/* End PBXTargetDependency section */

/* Begin PBXVariantGroup section */
		227E7F071C7B307E00ABAF6C /* Main.storyboard */ = {
			isa = PBXVariantGroup;
			children = (
				227E7F081C7B307E00ABAF6C /* Base */,
			);
			name = Main.storyboard;
			sourceTree = "<group>";
		};
		227E7F0C1C7B307E00ABAF6C /* LaunchScreen.storyboard */ = {
			isa = PBXVariantGroup;
			children = (
				227E7F0D1C7B307E00ABAF6C /* Base */,
			);
			name = LaunchScreen.storyboard;
			sourceTree = "<group>";
		};
/* End PBXVariantGroup section */

/* Begin XCBuildConfiguration section */
		227E7F1B1C7B307E00ABAF6C /* Debug */ = {
			isa = XCBuildConfiguration;
			buildSettings = {
				ALWAYS_SEARCH_USER_PATHS = NO;
				CLANG_CXX_LANGUAGE_STANDARD = "gnu++0x";
				CLANG_CXX_LIBRARY = "libc++";
				CLANG_ENABLE_MODULES = YES;
				CLANG_ENABLE_OBJC_ARC = YES;
				CLANG_WARN_BOOL_CONVERSION = YES;
				CLANG_WARN_CONSTANT_CONVERSION = YES;
				CLANG_WARN_DIRECT_OBJC_ISA_USAGE = YES_ERROR;
				CLANG_WARN_EMPTY_BODY = YES;
				CLANG_WARN_ENUM_CONVERSION = YES;
				CLANG_WARN_INT_CONVERSION = YES;
				CLANG_WARN_OBJC_ROOT_CLASS = YES_ERROR;
				CLANG_WARN_UNREACHABLE_CODE = YES;
				CLANG_WARN__DUPLICATE_METHOD_MATCH = YES;
				"CODE_SIGN_IDENTITY[sdk=iphoneos*]" = "iPhone Developer";
				COPY_PHASE_STRIP = NO;
				DEBUG_INFORMATION_FORMAT = dwarf;
				ENABLE_STRICT_OBJC_MSGSEND = YES;
				ENABLE_TESTABILITY = YES;
				GCC_C_LANGUAGE_STANDARD = gnu99;
				GCC_DYNAMIC_NO_PIC = NO;
				GCC_NO_COMMON_BLOCKS = YES;
				GCC_OPTIMIZATION_LEVEL = 0;
				GCC_PREPROCESSOR_DEFINITIONS = (
					"DEBUG=1",
					"$(inherited)",
				);
				GCC_WARN_64_TO_32_BIT_CONVERSION = YES;
				GCC_WARN_ABOUT_RETURN_TYPE = YES_ERROR;
				GCC_WARN_UNDECLARED_SELECTOR = YES;
				GCC_WARN_UNINITIALIZED_AUTOS = YES_AGGRESSIVE;
				GCC_WARN_UNUSED_FUNCTION = YES;
				GCC_WARN_UNUSED_VARIABLE = YES;
				IPHONEOS_DEPLOYMENT_TARGET = 9.2;
				MTL_ENABLE_DEBUG_INFO = YES;
				ONLY_ACTIVE_ARCH = YES;
				SDKROOT = iphoneos;
				TARGETED_DEVICE_FAMILY = "1,2";
			};
			name = Debug;
		};
		227E7F1C1C7B307E00ABAF6C /* Release */ = {
			isa = XCBuildConfiguration;
			buildSettings = {
				ALWAYS_SEARCH_USER_PATHS = NO;
				CLANG_CXX_LANGUAGE_STANDARD = "gnu++0x";
				CLANG_CXX_LIBRARY = "libc++";
				CLANG_ENABLE_MODULES = YES;
				CLANG_ENABLE_OBJC_ARC = YES;
				CLANG_WARN_BOOL_CONVERSION = YES;
				CLANG_WARN_CONSTANT_CONVERSION = YES;
				CLANG_WARN_DIRECT_OBJC_ISA_USAGE = YES_ERROR;
				CLANG_WARN_EMPTY_BODY = YES;
				CLANG_WARN_ENUM_CONVERSION = YES;
				CLANG_WARN_INT_CONVERSION = YES;
				CLANG_WARN_OBJC_ROOT_CLASS = YES_ERROR;
				CLANG_WARN_UNREACHABLE_CODE = YES;
				CLANG_WARN__DUPLICATE_METHOD_MATCH = YES;
				"CODE_SIGN_IDENTITY[sdk=iphoneos*]" = "iPhone Developer";
				COPY_PHASE_STRIP = NO;
				DEBUG_INFORMATION_FORMAT = "dwarf-with-dsym";
				ENABLE_NS_ASSERTIONS = NO;
				ENABLE_STRICT_OBJC_MSGSEND = YES;
				GCC_C_LANGUAGE_STANDARD = gnu99;
				GCC_NO_COMMON_BLOCKS = YES;
				GCC_WARN_64_TO_32_BIT_CONVERSION = YES;
				GCC_WARN_ABOUT_RETURN_TYPE = YES_ERROR;
				GCC_WARN_UNDECLARED_SELECTOR = YES;
				GCC_WARN_UNINITIALIZED_AUTOS = YES_AGGRESSIVE;
				GCC_WARN_UNUSED_FUNCTION = YES;
				GCC_WARN_UNUSED_VARIABLE = YES;
				IPHONEOS_DEPLOYMENT_TARGET = 9.2;
				MTL_ENABLE_DEBUG_INFO = NO;
				SDKROOT = iphoneos;
				TARGETED_DEVICE_FAMILY = "1,2";
				VALIDATE_PRODUCT = YES;
			};
			name = Release;
		};
		227E7F1E1C7B307E00ABAF6C /* Debug */ = {
			isa = XCBuildConfiguration;
			buildSettings = {
				ASSETCATALOG_COMPILER_APPICON_NAME = AppIcon;
				INFOPLIST_FILE = MSGToJSONTransformer/Info.plist;
				LD_RUNPATH_SEARCH_PATHS = "$(inherited) @executable_path/Frameworks";
				PRODUCT_BUNDLE_IDENTIFIER = com.mush.MSGToJSONTransformer;
				PRODUCT_NAME = "$(TARGET_NAME)";
			};
			name = Debug;
		};
		227E7F1F1C7B307E00ABAF6C /* Release */ = {
			isa = XCBuildConfiguration;
			buildSettings = {
				ASSETCATALOG_COMPILER_APPICON_NAME = AppIcon;
				INFOPLIST_FILE = MSGToJSONTransformer/Info.plist;
				LD_RUNPATH_SEARCH_PATHS = "$(inherited) @executable_path/Frameworks";
				PRODUCT_BUNDLE_IDENTIFIER = com.mush.MSGToJSONTransformer;
				PRODUCT_NAME = "$(TARGET_NAME)";
			};
			name = Release;
		};
		227E7F211C7B307E00ABAF6C /* Debug */ = {
			isa = XCBuildConfiguration;
			baseConfigurationReference = 4AFC62AA9EA8EC1D84EA48F1 /* Pods-MSGToJSONTransformerTests.debug.xcconfig */;
			buildSettings = {
				BUNDLE_LOADER = "$(TEST_HOST)";
				INFOPLIST_FILE = MSGToJSONTransformerTests/Info.plist;
				LD_RUNPATH_SEARCH_PATHS = "$(inherited) @executable_path/Frameworks @loader_path/Frameworks";
				PRODUCT_BUNDLE_IDENTIFIER = com.mush.MSGToJSONTransformerTests;
				PRODUCT_NAME = "$(TARGET_NAME)";
				TEST_HOST = "$(BUILT_PRODUCTS_DIR)/MSGToJSONTransformer.app/MSGToJSONTransformer";
			};
			name = Debug;
		};
		227E7F221C7B307E00ABAF6C /* Release */ = {
			isa = XCBuildConfiguration;
			baseConfigurationReference = F3BD090F9944FFE5B2CEBAAA /* Pods-MSGToJSONTransformerTests.release.xcconfig */;
			buildSettings = {
				BUNDLE_LOADER = "$(TEST_HOST)";
				INFOPLIST_FILE = MSGToJSONTransformerTests/Info.plist;
				LD_RUNPATH_SEARCH_PATHS = "$(inherited) @executable_path/Frameworks @loader_path/Frameworks";
				PRODUCT_BUNDLE_IDENTIFIER = com.mush.MSGToJSONTransformerTests;
				PRODUCT_NAME = "$(TARGET_NAME)";
				TEST_HOST = "$(BUILT_PRODUCTS_DIR)/MSGToJSONTransformer.app/MSGToJSONTransformer";
			};
			name = Release;
		};
/* End XCBuildConfiguration section */

/* Begin XCConfigurationList section */
		227E7EF61C7B307E00ABAF6C /* Build configuration list for PBXProject "MSGToJSONTransformer" */ = {
			isa = XCConfigurationList;
			buildConfigurations = (
				227E7F1B1C7B307E00ABAF6C /* Debug */,
				227E7F1C1C7B307E00ABAF6C /* Release */,
			);
			defaultConfigurationIsVisible = 0;
			defaultConfigurationName = Release;
		};
		227E7F1D1C7B307E00ABAF6C /* Build configuration list for PBXNativeTarget "MSGToJSONTransformer" */ = {
			isa = XCConfigurationList;
			buildConfigurations = (
				227E7F1E1C7B307E00ABAF6C /* Debug */,
				227E7F1F1C7B307E00ABAF6C /* Release */,
			);
			defaultConfigurationIsVisible = 0;
			defaultConfigurationName = Release;
		};
		227E7F201C7B307E00ABAF6C /* Build configuration list for PBXNativeTarget "MSGToJSONTransformerTests" */ = {
			isa = XCConfigurationList;
			buildConfigurations = (
				227E7F211C7B307E00ABAF6C /* Debug */,
				227E7F221C7B307E00ABAF6C /* Release */,
			);
			defaultConfigurationIsVisible = 0;
			defaultConfigurationName = Release;
		};
/* End XCConfigurationList section */
	};
	rootObject = 227E7EF31C7B307E00ABAF6C /* Project object */;
}
